
Microsoft Visual Studio Solution File, Format Version 12.00
# Visual Studio 2013
VisualStudioVersion = 12.0.21005.1
MinimumVisualStudioVersion = 10.0.40219.1
Project("{FAE04EC0-301F-11D3-BF4B-00C04F79EFBC}") = "ZhiHu", "ZhiHu\ZhiHu.csproj", "{C5F50935-651B-457F-9D61-AA258B357BF5}"
EndProject
Project("{FAE04EC0-301F-11D3-BF4B-00C04F79EFBC}") = "Model", "Model\Model.csproj", "{9A304D8B-9F18-4981-B6F7-785165BE964F}"
EndProject
Project("{FAE04EC0-301F-11D3-BF4B-00C04F79EFBC}") = "Common", "Common\Common.csproj", "{F287477D-1DC3-4632-A01B-037FA6BF8EA8}"
EndProject
Global
	GlobalSection(SolutionConfigurationPlatforms) = preSolution
		Debug|Any CPU = Debug|Any CPU
		Release|Any CPU = Release|Any CPU
	EndGlobalSection
	GlobalSection(ProjectConfigurationPlatforms) = postSolution
		{C5F50935-651B-457F-9D61-AA258B357BF5}.Debug|Any CPU.ActiveCfg = Debug|Any CPU
		{C5F50935-651B-457F-9D61-AA258B357BF5}.Debug|Any CPU.Build.0 = Debug|Any CPU
		{C5F50935-651B-457F-9D61-AA258B357BF5}.Release|Any CPU.ActiveCfg = Release|Any CPU
		{C5F50935-651B-457F-9D61-AA258B357BF5}.Release|Any CPU.Build.0 = Release|Any CPU
		{9A304D8B-9F18-4981-B6F7-785165BE964F}.Debug|Any CPU.ActiveCfg = Debug|Any CPU
		{9A304D8B-9F18-4981-B6F7-785165BE964F}.Debug|Any CPU.Build.0 = Debug|Any CPU
		{9A304D8B-9F18-4981-B6F7-785165BE964F}.Release|Any CPU.ActiveCfg = Release|Any CPU
		{9A304D8B-9F18-4981-B6F7-785165BE964F}.Release|Any CPU.Build.0 = Release|Any CPU
		{F287477D-1DC3-4632-A01B-037FA6BF8EA8}.Debug|Any CPU.ActiveCfg = Debug|Any CPU
		{F287477D-1DC3-4632-A01B-037FA6BF8EA8}.Debug|Any CPU.Build.0 = Debug|Any CPU
		{F287477D-1DC3-4632-A01B-037FA6BF8EA8}.Release|Any CPU.ActiveCfg = Release|Any CPU
		{F287477D-1DC3-4632-A01B-037FA6BF8EA8}.Release|Any CPU.Build.0 = Release|Any CPU
	EndGlobalSection
	GlobalSection(SolutionProperties) = preSolution
		HideSolutionNode = FALSE
	EndGlobalSection
EndGlobal
